
Microsoft Visual Studio Solution File, Format Version 12.00
# Visual Studio Version 17
VisualStudioVersion = 17.9.34723.18
MinimumVisualStudioVersion = 10.0.40219.1
Project("{FAE04EC0-301F-11D3-BF4B-00C04F79EFBC}") = "WomenSafety", "WomenSafety\WomenSafety.csproj", "{AEA5111F-9D72-44F0-B3B2-69AE9EF1791F}"
EndProject
Global
	GlobalSection(SolutionConfigurationPlatforms) = preSolution
		Debug|Any CPU = Debug|Any CPU
		Release|Any CPU = Release|Any CPU
	EndGlobalSection
	GlobalSection(ProjectConfigurationPlatforms) = postSolution
		{AEA5111F-9D72-44F0-B3B2-69AE9EF1791F}.Debug|Any CPU.ActiveCfg = Debug|Any CPU
		{AEA5111F-9D72-44F0-B3B2-69AE9EF1791F}.Debug|Any CPU.Build.0 = Debug|Any CPU
		{AEA5111F-9D72-44F0-B3B2-69AE9EF1791F}.Debug|Any CPU.Deploy.0 = Debug|Any CPU
		{AEA5111F-9D72-44F0-B3B2-69AE9EF1791F}.Release|Any CPU.ActiveCfg = Release|Any CPU
		{AEA5111F-9D72-44F0-B3B2-69AE9EF1791F}.Release|Any CPU.Build.0 = Release|Any CPU
		{AEA5111F-9D72-44F0-B3B2-69AE9EF1791F}.Release|Any CPU.Deploy.0 = Release|Any CPU
	EndGlobalSection
	GlobalSection(SolutionProperties) = preSolution
		HideSolutionNode = FALSE
	EndGlobalSection
	GlobalSection(ExtensibilityGlobals) = postSolution
		SolutionGuid = {370EDEFD-42BD-4537-AEF0-0BB2F4452519}
	EndGlobalSection
EndGlobal
